# This file is @generated by PDM.
# It is not intended for manual editing.

[metadata]
groups = ["default", "dev"]
strategy = ["cross_platform"]
lock_version = "4.4"
content_hash = "sha256:a16b0d2b51f7d6c1e825b8fe15a2c9905f6d28ab305d7036b8525cbb10e891ca"

[[package]]
name = "asyncpg"
version = "0.28.0"
requires_python = ">=3.7.0"
summary = "An asyncio PostgreSQL driver"
files = [
    {file = "asyncpg-0.28.0-cp311-cp311-macosx_10_9_x86_64.whl", hash = "sha256:a0e08fe2c9b3618459caaef35979d45f4e4f8d4f79490c9fa3367251366af207"},
    {file = "asyncpg-0.28.0-cp311-cp311-macosx_11_0_arm64.whl", hash = "sha256:b24e521f6060ff5d35f761a623b0042c84b9c9b9fb82786aadca95a9cb4a893b"},
    {file = "asyncpg-0.28.0-cp311-cp311-manylinux_2_17_aarch64.manylinux2014_aarch64.whl", hash = "sha256:99417210461a41891c4ff301490a8713d1ca99b694fef05dabd7139f9d64bd6c"},
    {file = "asyncpg-0.28.0-cp311-cp311-manylinux_2_17_x86_64.manylinux2014_x86_64.whl", hash = "sha256:f029c5adf08c47b10bcdc857001bbef551ae51c57b3110964844a9d79ca0f267"},
    {file = "asyncpg-0.28.0-cp311-cp311-musllinux_1_1_aarch64.whl", hash = "sha256:ad1d6abf6c2f5152f46fff06b0e74f25800ce8ec6c80967f0bc789974de3c652"},
    {file = "asyncpg-0.28.0-cp311-cp311-musllinux_1_1_x86_64.whl", hash = "sha256:d7fa81ada2807bc50fea1dc741b26a4e99258825ba55913b0ddbf199a10d69d8"},
    {file = "asyncpg-0.28.0-cp311-cp311-win32.whl", hash = "sha256:f33c5685e97821533df3ada9384e7784bd1e7865d2b22f153f2e4bd4a083e102"},
    {file = "asyncpg-0.28.0-cp311-cp311-win_amd64.whl", hash = "sha256:5e7337c98fb493079d686a4a6965e8bcb059b8e1b8ec42106322fc6c1c889bb0"},
    {file = "asyncpg-0.28.0.tar.gz", hash = "sha256:7252cdc3acb2f52feaa3664280d3bcd78a46bd6c10bfd681acfffefa1120e278"},
]

[[package]]
name = "certifi"
version = "2023.7.22"
requires_python = ">=3.6"
summary = "Python package for providing Mozilla's CA Bundle."
files = [
    {file = "certifi-2023.7.22-py3-none-any.whl", hash = "sha256:92d6037539857d8206b8f6ae472e8b77db8058fec5937a1ef3f54304089edbb9"},
    {file = "certifi-2023.7.22.tar.gz", hash = "sha256:539cc1d13202e33ca466e88b2807e29f4c13049d6d87031a3c110744495cb082"},
]

[[package]]
name = "colorama"
version = "0.4.6"
requires_python = "!=3.0.*,!=3.1.*,!=3.2.*,!=3.3.*,!=3.4.*,!=3.5.*,!=3.6.*,>=2.7"
summary = "Cross-platform colored terminal text."
files = [
    {file = "colorama-0.4.6-py2.py3-none-any.whl", hash = "sha256:4f1d9991f5acc0ca119f9d443620b77f9d6b33703e51011c16baf57afb285fc6"},
    {file = "colorama-0.4.6.tar.gz", hash = "sha256:08695f5cb7ed6e0531a20572697297273c47b8cae5a63ffc6d6ed5c201be6e44"},
]

[[package]]
name = "contourpy"
version = "1.1.0"
requires_python = ">=3.8"
summary = "Python library for calculating contours of 2D quadrilateral grids"
dependencies = [
    "numpy>=1.16",
]
files = [
    {file = "contourpy-1.1.0-cp311-cp311-macosx_10_9_x86_64.whl", hash = "sha256:0b7b04ed0961647691cfe5d82115dd072af7ce8846d31a5fac6c142dcce8b882"},
    {file = "contourpy-1.1.0-cp311-cp311-macosx_11_0_arm64.whl", hash = "sha256:27bc79200c742f9746d7dd51a734ee326a292d77e7d94c8af6e08d1e6c15d545"},
    {file = "contourpy-1.1.0-cp311-cp311-manylinux_2_17_aarch64.manylinux2014_aarch64.whl", hash = "sha256:052cc634bf903c604ef1a00a5aa093c54f81a2612faedaa43295809ffdde885e"},
    {file = "contourpy-1.1.0-cp311-cp311-manylinux_2_17_ppc64le.manylinux2014_ppc64le.whl", hash = "sha256:9382a1c0bc46230fb881c36229bfa23d8c303b889b788b939365578d762b5c18"},
    {file = "contourpy-1.1.0-cp311-cp311-manylinux_2_17_s390x.manylinux2014_s390x.whl", hash = "sha256:e5cec36c5090e75a9ac9dbd0ff4a8cf7cecd60f1b6dc23a374c7d980a1cd710e"},
    {file = "contourpy-1.1.0-cp311-cp311-manylinux_2_17_x86_64.manylinux2014_x86_64.whl", hash = "sha256:1f0cbd657e9bde94cd0e33aa7df94fb73c1ab7799378d3b3f902eb8eb2e04a3a"},
    {file = "contourpy-1.1.0-cp311-cp311-musllinux_1_1_x86_64.whl", hash = "sha256:181cbace49874f4358e2929aaf7ba84006acb76694102e88dd15af861996c16e"},
    {file = "contourpy-1.1.0-cp311-cp311-win32.whl", hash = "sha256:edb989d31065b1acef3828a3688f88b2abb799a7db891c9e282df5ec7e46221b"},
    {file = "contourpy-1.1.0-cp311-cp311-win_amd64.whl", hash = "sha256:fb3b7d9e6243bfa1efb93ccfe64ec610d85cfe5aec2c25f97fbbd2e58b531256"},
    {file = "contourpy-1.1.0-pp38-pypy38_pp73-macosx_10_9_x86_64.whl", hash = "sha256:a698c6a7a432789e587168573a864a7ea374c6be8d4f31f9d87c001d5a843493"},
    {file = "contourpy-1.1.0-pp38-pypy38_pp73-manylinux_2_17_x86_64.manylinux2014_x86_64.whl", hash = "sha256:397b0ac8a12880412da3551a8cb5a187d3298a72802b45a3bd1805e204ad8439"},
    {file = "contourpy-1.1.0-pp38-pypy38_pp73-win_amd64.whl", hash = "sha256:a67259c2b493b00e5a4d0f7bfae51fb4b3371395e47d079a4446e9b0f4d70e76"},
    {file = "contourpy-1.1.0-pp39-pypy39_pp73-macosx_10_9_x86_64.whl", hash = "sha256:2b836d22bd2c7bb2700348e4521b25e077255ebb6ab68e351ab5aa91ca27e027"},
    {file = "contourpy-1.1.0-pp39-pypy39_pp73-manylinux_2_17_x86_64.manylinux2014_x86_64.whl", hash = "sha256:084eaa568400cfaf7179b847ac871582199b1b44d5699198e9602ecbbb5f6104"},
    {file = "contourpy-1.1.0-pp39-pypy39_pp73-win_amd64.whl", hash = "sha256:911ff4fd53e26b019f898f32db0d4956c9d227d51338fb3b03ec72ff0084ee5f"},
    {file = "contourpy-1.1.0.tar.gz", hash = "sha256:e53046c3863828d21d531cc3b53786e6580eb1ba02477e8681009b6aa0870b21"},
]

[[package]]
name = "cycler"
version = "0.12.1"
requires_python = ">=3.8"
summary = "Composable style cycles"
files = [
    {file = "cycler-0.12.1-py3-none-any.whl", hash = "sha256:85cef7cff222d8644161529808465972e51340599459b8ac3ccbac5a854e0d30"},
    {file = "cycler-0.12.1.tar.gz", hash = "sha256:88bb128f02ba341da8ef447245a9e138fae777f6a23943da4540077d3601eb1c"},
]

[[package]]
name = "duckdb"
version = "0.9.1"
requires_python = ">=3.7.0"
summary = "DuckDB embedded database"
files = [
    {file = "duckdb-0.9.1-cp311-cp311-macosx_10_9_universal2.whl", hash = "sha256:5eb750f2ee44397a61343f32ee9d9e8c8b5d053fa27ba4185d0e31507157f130"},
    {file = "duckdb-0.9.1-cp311-cp311-macosx_10_9_x86_64.whl", hash = "sha256:aea2a46881d75dc069a242cb164642d7a4f792889010fb98210953ab7ff48849"},
    {file = "duckdb-0.9.1-cp311-cp311-macosx_11_0_arm64.whl", hash = "sha256:ed3dcedfc7a9449b6d73f9a2715c730180056e0ba837123e7967be1cd3935081"},
    {file = "duckdb-0.9.1-cp311-cp311-manylinux_2_17_aarch64.manylinux2014_aarch64.whl", hash = "sha256:0c55397bed0087ec4445b96f8d55f924680f6d40fbaa7f2e35468c54367214a5"},
    {file = "duckdb-0.9.1-cp311-cp311-manylinux_2_17_x86_64.manylinux2014_x86_64.whl", hash = "sha256:3261696130f1cfb955735647c93297b4a6241753fb0de26c05d96d50986c6347"},
    {file = "duckdb-0.9.1-cp311-cp311-musllinux_1_1_x86_64.whl", hash = "sha256:64c04b1728e3e37cf93748829b5d1e028227deea75115bb5ead01c608ece44b1"},
    {file = "duckdb-0.9.1-cp311-cp311-win32.whl", hash = "sha256:12cf9fb441a32702e31534330a7b4d569083d46a91bf185e0c9415000a978789"},
    {file = "duckdb-0.9.1-cp311-cp311-win_amd64.whl", hash = "sha256:fdfd85575ce9540e593d5d25c9d32050bd636c27786afd7b776aae0f6432b55e"},
    {file = "duckdb-0.9.1.tar.gz", hash = "sha256:603a878746015a3f2363a65eb48bcbec816261b6ee8d71eee53061117f6eef9d"},
]

[[package]]
name = "fonttools"
version = "4.43.1"
requires_python = ">=3.8"
summary = "Tools to manipulate font files"
files = [
    {file = "fonttools-4.43.1-cp311-cp311-macosx_10_9_universal2.whl", hash = "sha256:5db46659cfe4e321158de74c6f71617e65dc92e54980086823a207f1c1c0e24b"},
    {file = "fonttools-4.43.1-cp311-cp311-macosx_10_9_x86_64.whl", hash = "sha256:1952c89a45caceedf2ab2506d9a95756e12b235c7182a7a0fff4f5e52227204f"},
    {file = "fonttools-4.43.1-cp311-cp311-manylinux_2_17_aarch64.manylinux2014_aarch64.whl", hash = "sha256:9c36da88422e0270fbc7fd959dc9749d31a958506c1d000e16703c2fce43e3d0"},
    {file = "fonttools-4.43.1-cp311-cp311-manylinux_2_17_x86_64.manylinux2014_x86_64.whl", hash = "sha256:7bbbf8174501285049e64d174e29f9578495e1b3b16c07c31910d55ad57683d8"},
    {file = "fonttools-4.43.1-cp311-cp311-musllinux_1_1_aarch64.whl", hash = "sha256:d4071bd1c183b8d0b368cc9ed3c07a0f6eb1bdfc4941c4c024c49a35429ac7cd"},
    {file = "fonttools-4.43.1-cp311-cp311-musllinux_1_1_x86_64.whl", hash = "sha256:d21099b411e2006d3c3e1f9aaf339e12037dbf7bf9337faf0e93ec915991f43b"},
    {file = "fonttools-4.43.1-cp311-cp311-win32.whl", hash = "sha256:b84a1c00f832feb9d0585ca8432fba104c819e42ff685fcce83537e2e7e91204"},
    {file = "fonttools-4.43.1-cp311-cp311-win_amd64.whl", hash = "sha256:9a2f0aa6ca7c9bc1058a9d0b35483d4216e0c1bbe3962bc62ce112749954c7b8"},
    {file = "fonttools-4.43.1-cp312-cp312-macosx_10_9_universal2.whl", hash = "sha256:4d9740e3783c748521e77d3c397dc0662062c88fd93600a3c2087d3d627cd5e5"},
    {file = "fonttools-4.43.1-cp312-cp312-macosx_10_9_x86_64.whl", hash = "sha256:884ef38a5a2fd47b0c1291647b15f4e88b9de5338ffa24ee52c77d52b4dfd09c"},
    {file = "fonttools-4.43.1-cp312-cp312-manylinux_2_17_aarch64.manylinux2014_aarch64.whl", hash = "sha256:9648518ef687ba818db3fcc5d9aae27a369253ac09a81ed25c3867e8657a0680"},
    {file = "fonttools-4.43.1-cp312-cp312-manylinux_2_5_x86_64.manylinux1_x86_64.manylinux_2_17_x86_64.manylinux2014_x86_64.whl", hash = "sha256:95e974d70238fc2be5f444fa91f6347191d0e914d5d8ae002c9aa189572cc215"},
    {file = "fonttools-4.43.1-cp312-cp312-musllinux_1_1_aarch64.whl", hash = "sha256:34f713dad41aa21c637b4e04fe507c36b986a40f7179dcc86402237e2d39dcd3"},
    {file = "fonttools-4.43.1-cp312-cp312-musllinux_1_1_x86_64.whl", hash = "sha256:360201d46165fc0753229afe785900bc9596ee6974833124f4e5e9f98d0f592b"},
    {file = "fonttools-4.43.1-cp312-cp312-win32.whl", hash = "sha256:bb6d2f8ef81ea076877d76acfb6f9534a9c5f31dc94ba70ad001267ac3a8e56f"},
    {file = "fonttools-4.43.1-cp312-cp312-win_amd64.whl", hash = "sha256:25d3da8a01442cbc1106490eddb6d31d7dffb38c1edbfabbcc8db371b3386d72"},
    {file = "fonttools-4.43.1-py3-none-any.whl", hash = "sha256:4f88cae635bfe4bbbdc29d479a297bb525a94889184bb69fa9560c2d4834ddb9"},
    {file = "fonttools-4.43.1.tar.gz", hash = "sha256:17dbc2eeafb38d5d0e865dcce16e313c58265a6d2d20081c435f84dc5a9d8212"},
]

[[package]]
name = "geoshiny"
version = "0.0.3"
requires_python = ">=3.8"
summary = "GIS data renderer"
dependencies = [
    "Shapely",
    "asyncpg",
    "matplotlib",
    "numpy",
    "pyproj",
]
files = [
    {file = "geoshiny-0.0.3-py3-none-any.whl", hash = "sha256:53bfd17f674f73c19a9d091e2a52645ce5eedb7c86f1d5df934173d1cf049811"},
    {file = "geoshiny-0.0.3.tar.gz", hash = "sha256:9bc29f79c92a915cad4c73fa677227432d48981091b4033c008afe5df9108f54"},
]

[[package]]
name = "iniconfig"
version = "2.0.0"
requires_python = ">=3.7"
summary = "brain-dead simple config-ini parsing"
files = [
    {file = "iniconfig-2.0.0-py3-none-any.whl", hash = "sha256:b6a85871a79d2e3b22d2d1b94ac2824226a63c6b741c88f7ae975f18b6778374"},
    {file = "iniconfig-2.0.0.tar.gz", hash = "sha256:2d91e135bf72d31a410b17c16da610a82cb55f6b0477d1a902134b24a455b8b3"},
]

[[package]]
name = "isort"
version = "5.12.0"
requires_python = ">=3.8.0"
summary = "A Python utility / library to sort Python imports."
files = [
    {file = "isort-5.12.0-py3-none-any.whl", hash = "sha256:f84c2818376e66cf843d497486ea8fed8700b340f308f076c6fb1229dff318b6"},
    {file = "isort-5.12.0.tar.gz", hash = "sha256:8bef7dde241278824a6d83f44a544709b065191b95b6e50894bdc722fcba0504"},
]

[[package]]
name = "kiwisolver"
version = "1.4.5"
requires_python = ">=3.7"
summary = "A fast implementation of the Cassowary constraint solver"
files = [
    {file = "kiwisolver-1.4.5-cp311-cp311-macosx_10_9_universal2.whl", hash = "sha256:11863aa14a51fd6ec28688d76f1735f8f69ab1fabf388851a595d0721af042f5"},
    {file = "kiwisolver-1.4.5-cp311-cp311-macosx_10_9_x86_64.whl", hash = "sha256:8ab3919a9997ab7ef2fbbed0cc99bb28d3c13e6d4b1ad36e97e482558a91be90"},
    {file = "kiwisolver-1.4.5-cp311-cp311-macosx_11_0_arm64.whl", hash = "sha256:fcc700eadbbccbf6bc1bcb9dbe0786b4b1cb91ca0dcda336eef5c2beed37b797"},
    {file = "kiwisolver-1.4.5-cp311-cp311-manylinux_2_12_i686.manylinux2010_i686.manylinux_2_17_i686.manylinux2014_i686.whl", hash = "sha256:dfdd7c0b105af050eb3d64997809dc21da247cf44e63dc73ff0fd20b96be55a9"},
    {file = "kiwisolver-1.4.5-cp311-cp311-manylinux_2_17_aarch64.manylinux2014_aarch64.whl", hash = "sha256:76c6a5964640638cdeaa0c359382e5703e9293030fe730018ca06bc2010c4437"},
    {file = "kiwisolver-1.4.5-cp311-cp311-manylinux_2_17_ppc64le.manylinux2014_ppc64le.whl", hash = "sha256:bbea0db94288e29afcc4c28afbf3a7ccaf2d7e027489c449cf7e8f83c6346eb9"},
    {file = "kiwisolver-1.4.5-cp311-cp311-manylinux_2_17_s390x.manylinux2014_s390x.whl", hash = "sha256:ceec1a6bc6cab1d6ff5d06592a91a692f90ec7505d6463a88a52cc0eb58545da"},
    {file = "kiwisolver-1.4.5-cp311-cp311-manylinux_2_17_x86_64.manylinux2014_x86_64.whl", hash = "sha256:040c1aebeda72197ef477a906782b5ab0d387642e93bda547336b8957c61022e"},
    {file = "kiwisolver-1.4.5-cp311-cp311-musllinux_1_1_aarch64.whl", hash = "sha256:f91de7223d4c7b793867797bacd1ee53bfe7359bd70d27b7b58a04efbb9436c8"},
    {file = "kiwisolver-1.4.5-cp311-cp311-musllinux_1_1_i686.whl", hash = "sha256:faae4860798c31530dd184046a900e652c95513796ef51a12bc086710c2eec4d"},
    {file = "kiwisolver-1.4.5-cp311-cp311-musllinux_1_1_ppc64le.whl", hash = "sha256:b0157420efcb803e71d1b28e2c287518b8808b7cf1ab8af36718fd0a2c453eb0"},
    {file = "kiwisolver-1.4.5-cp311-cp311-musllinux_1_1_s390x.whl", hash = "sha256:06f54715b7737c2fecdbf140d1afb11a33d59508a47bf11bb38ecf21dc9ab79f"},
    {file = "kiwisolver-1.4.5-cp311-cp311-musllinux_1_1_x86_64.whl", hash = "sha256:fdb7adb641a0d13bdcd4ef48e062363d8a9ad4a182ac7647ec88f695e719ae9f"},
    {file = "kiwisolver-1.4.5-cp311-cp311-win32.whl", hash = "sha256:bb86433b1cfe686da83ce32a9d3a8dd308e85c76b60896d58f082136f10bffac"},
    {file = "kiwisolver-1.4.5-cp311-cp311-win_amd64.whl", hash = "sha256:6c08e1312a9cf1074d17b17728d3dfce2a5125b2d791527f33ffbe805200a355"},
    {file = "kiwisolver-1.4.5-cp312-cp312-macosx_10_9_universal2.whl", hash = "sha256:32d5cf40c4f7c7b3ca500f8985eb3fb3a7dfc023215e876f207956b5ea26632a"},
    {file = "kiwisolver-1.4.5-cp312-cp312-macosx_10_9_x86_64.whl", hash = "sha256:f846c260f483d1fd217fe5ed7c173fb109efa6b1fc8381c8b7552c5781756192"},
    {file = "kiwisolver-1.4.5-cp312-cp312-macosx_11_0_arm64.whl", hash = "sha256:5ff5cf3571589b6d13bfbfd6bcd7a3f659e42f96b5fd1c4830c4cf21d4f5ef45"},
    {file = "kiwisolver-1.4.5-cp312-cp312-manylinux_2_12_i686.manylinux2010_i686.manylinux_2_17_i686.manylinux2014_i686.whl", hash = "sha256:7269d9e5f1084a653d575c7ec012ff57f0c042258bf5db0954bf551c158466e7"},
    {file = "kiwisolver-1.4.5-cp312-cp312-manylinux_2_17_aarch64.manylinux2014_aarch64.whl", hash = "sha256:da802a19d6e15dffe4b0c24b38b3af68e6c1a68e6e1d8f30148c83864f3881db"},
    {file = "kiwisolver-1.4.5-cp312-cp312-manylinux_2_17_ppc64le.manylinux2014_ppc64le.whl", hash = "sha256:3aba7311af82e335dd1e36ffff68aaca609ca6290c2cb6d821a39aa075d8e3ff"},
    {file = "kiwisolver-1.4.5-cp312-cp312-manylinux_2_17_s390x.manylinux2014_s390x.whl", hash = "sha256:763773d53f07244148ccac5b084da5adb90bfaee39c197554f01b286cf869228"},
    {file = "kiwisolver-1.4.5-cp312-cp312-manylinux_2_17_x86_64.manylinux2014_x86_64.whl", hash = "sha256:2270953c0d8cdab5d422bee7d2007f043473f9d2999631c86a223c9db56cbd16"},
    {file = "kiwisolver-1.4.5-cp312-cp312-musllinux_1_1_aarch64.whl", hash = "sha256:d099e745a512f7e3bbe7249ca835f4d357c586d78d79ae8f1dcd4d8adeb9bda9"},
    {file = "kiwisolver-1.4.5-cp312-cp312-musllinux_1_1_i686.whl", hash = "sha256:74db36e14a7d1ce0986fa104f7d5637aea5c82ca6326ed0ec5694280942d1162"},
    {file = "kiwisolver-1.4.5-cp312-cp312-musllinux_1_1_ppc64le.whl", hash = "sha256:7e5bab140c309cb3a6ce373a9e71eb7e4873c70c2dda01df6820474f9889d6d4"},
    {file = "kiwisolver-1.4.5-cp312-cp312-musllinux_1_1_s390x.whl", hash = "sha256:0f114aa76dc1b8f636d077979c0ac22e7cd8f3493abbab152f20eb8d3cda71f3"},
    {file = "kiwisolver-1.4.5-cp312-cp312-musllinux_1_1_x86_64.whl", hash = "sha256:88a2df29d4724b9237fc0c6eaf2a1adae0cdc0b3e9f4d8e7dc54b16812d2d81a"},
    {file = "kiwisolver-1.4.5-cp312-cp312-win32.whl", hash = "sha256:72d40b33e834371fd330fb1472ca19d9b8327acb79a5821d4008391db8e29f20"},
    {file = "kiwisolver-1.4.5-cp312-cp312-win_amd64.whl", hash = "sha256:2c5674c4e74d939b9d91dda0fae10597ac7521768fec9e399c70a1f27e2ea2d9"},
    {file = "kiwisolver-1.4.5-pp37-pypy37_pp73-macosx_10_9_x86_64.whl", hash = "sha256:5c7b3b3a728dc6faf3fc372ef24f21d1e3cee2ac3e9596691d746e5a536de920"},
    {file = "kiwisolver-1.4.5-pp37-pypy37_pp73-manylinux_2_12_i686.manylinux2010_i686.whl", hash = "sha256:620ced262a86244e2be10a676b646f29c34537d0d9cc8eb26c08f53d98013390"},
    {file = "kiwisolver-1.4.5-pp37-pypy37_pp73-manylinux_2_12_x86_64.manylinux2010_x86_64.whl", hash = "sha256:378a214a1e3bbf5ac4a8708304318b4f890da88c9e6a07699c4ae7174c09a68d"},
    {file = "kiwisolver-1.4.5-pp37-pypy37_pp73-manylinux_2_17_aarch64.manylinux2014_aarch64.whl", hash = "sha256:aaf7be1207676ac608a50cd08f102f6742dbfc70e8d60c4db1c6897f62f71523"},
    {file = "kiwisolver-1.4.5-pp37-pypy37_pp73-win_amd64.whl", hash = "sha256:ba55dce0a9b8ff59495ddd050a0225d58bd0983d09f87cfe2b6aec4f2c1234e4"},
    {file = "kiwisolver-1.4.5-pp38-pypy38_pp73-macosx_10_9_x86_64.whl", hash = "sha256:fd32ea360bcbb92d28933fc05ed09bffcb1704ba3fc7942e81db0fd4f81a7892"},
    {file = "kiwisolver-1.4.5-pp38-pypy38_pp73-manylinux_2_12_i686.manylinux2010_i686.whl", hash = "sha256:5e7139af55d1688f8b960ee9ad5adafc4ac17c1c473fe07133ac092310d76544"},
    {file = "kiwisolver-1.4.5-pp38-pypy38_pp73-manylinux_2_12_x86_64.manylinux2010_x86_64.whl", hash = "sha256:dced8146011d2bc2e883f9bd68618b8247387f4bbec46d7392b3c3b032640126"},
    {file = "kiwisolver-1.4.5-pp38-pypy38_pp73-manylinux_2_17_aarch64.manylinux2014_aarch64.whl", hash = "sha256:c9bf3325c47b11b2e51bca0824ea217c7cd84491d8ac4eefd1e409705ef092bd"},
    {file = "kiwisolver-1.4.5-pp38-pypy38_pp73-win_amd64.whl", hash = "sha256:5794cf59533bc3f1b1c821f7206a3617999db9fbefc345360aafe2e067514929"},
    {file = "kiwisolver-1.4.5-pp39-pypy39_pp73-macosx_10_9_x86_64.whl", hash = "sha256:e368f200bbc2e4f905b8e71eb38b3c04333bddaa6a2464a6355487b02bb7fb09"},
    {file = "kiwisolver-1.4.5-pp39-pypy39_pp73-manylinux_2_12_i686.manylinux2010_i686.manylinux_2_17_i686.manylinux2014_i686.whl", hash = "sha256:e5d706eba36b4c4d5bc6c6377bb6568098765e990cfc21ee16d13963fab7b3e7"},
    {file = "kiwisolver-1.4.5-pp39-pypy39_pp73-manylinux_2_17_aarch64.manylinux2014_aarch64.whl", hash = "sha256:85267bd1aa8880a9c88a8cb71e18d3d64d2751a790e6ca6c27b8ccc724bcd5ad"},
    {file = "kiwisolver-1.4.5-pp39-pypy39_pp73-manylinux_2_17_x86_64.manylinux2014_x86_64.whl", hash = "sha256:210ef2c3a1f03272649aff1ef992df2e724748918c4bc2d5a90352849eb40bea"},
    {file = "kiwisolver-1.4.5-pp39-pypy39_pp73-win_amd64.whl", hash = "sha256:11d011a7574eb3b82bcc9c1a1d35c1d7075677fdd15de527d91b46bd35e935ee"},
    {file = "kiwisolver-1.4.5.tar.gz", hash = "sha256:e57e563a57fb22a142da34f38acc2fc1a5c864bc29ca1517a88abc963e60d6ec"},
]

[[package]]
name = "matplotlib"
version = "3.8.0"
requires_python = ">=3.9"
summary = "Python plotting package"
dependencies = [
    "contourpy>=1.0.1",
    "cycler>=0.10",
    "fonttools>=4.22.0",
    "kiwisolver>=1.0.1",
    "numpy<2,>=1.21",
    "packaging>=20.0",
    "pillow>=6.2.0",
    "pyparsing>=2.3.1",
    "python-dateutil>=2.7",
]
files = [
    {file = "matplotlib-3.8.0-cp311-cp311-macosx_10_12_x86_64.whl", hash = "sha256:5dc945a9cb2deb7d197ba23eb4c210e591d52d77bf0ba27c35fc82dec9fa78d4"},
    {file = "matplotlib-3.8.0-cp311-cp311-macosx_11_0_arm64.whl", hash = "sha256:f8b5a1bf27d078453aa7b5b27f52580e16360d02df6d3dc9504f3d2ce11f6309"},
    {file = "matplotlib-3.8.0-cp311-cp311-manylinux_2_17_aarch64.manylinux2014_aarch64.whl", hash = "sha256:6f25ffb6ad972cdffa7df8e5be4b1e3cadd2f8d43fc72085feb1518006178394"},
    {file = "matplotlib-3.8.0-cp311-cp311-manylinux_2_17_x86_64.manylinux2014_x86_64.whl", hash = "sha256:eee482731c8c17d86d9ddb5194d38621f9b0f0d53c99006275a12523ab021732"},
    {file = "matplotlib-3.8.0-cp311-cp311-musllinux_1_1_x86_64.whl", hash = "sha256:36eafe2128772195b373e1242df28d1b7ec6c04c15b090b8d9e335d55a323900"},
    {file = "matplotlib-3.8.0-cp311-cp311-win_amd64.whl", hash = "sha256:061ee58facb3580cd2d046a6d227fb77e9295599c5ec6ad069f06b5821ad1cfc"},
    {file = "matplotlib-3.8.0-cp312-cp312-macosx_10_12_x86_64.whl", hash = "sha256:3cc3776836d0f4f22654a7f2d2ec2004618d5cf86b7185318381f73b80fd8a2d"},
    {file = "matplotlib-3.8.0-cp312-cp312-macosx_11_0_arm64.whl", hash = "sha256:6c49a2bd6981264bddcb8c317b6bd25febcece9e2ebfcbc34e7f4c0c867c09dc"},
    {file = "matplotlib-3.8.0-cp312-cp312-manylinux_2_17_aarch64.manylinux2014_aarch64.whl", hash = "sha256:23ed11654fc83cd6cfdf6170b453e437674a050a452133a064d47f2f1371f8d3"},
    {file = "matplotlib-3.8.0-cp312-cp312-manylinux_2_17_x86_64.manylinux2014_x86_64.whl", hash = "sha256:dae97fdd6996b3a25da8ee43e3fc734fff502f396801063c6b76c20b56683196"},
    {file = "matplotlib-3.8.0-cp312-cp312-musllinux_1_1_x86_64.whl", hash = "sha256:87df75f528020a6299f76a1d986c0ed4406e3b2bd44bc5e306e46bca7d45e53e"},
    {file = "matplotlib-3.8.0-cp312-cp312-win_amd64.whl", hash = "sha256:90d74a95fe055f73a6cd737beecc1b81c26f2893b7a3751d52b53ff06ca53f36"},
    {file = "matplotlib-3.8.0-pp39-pypy39_pp73-macosx_10_12_x86_64.whl", hash = "sha256:0b11f354aae62a2aa53ec5bb09946f5f06fc41793e351a04ff60223ea9162955"},
    {file = "matplotlib-3.8.0-pp39-pypy39_pp73-manylinux_2_17_x86_64.manylinux2014_x86_64.whl", hash = "sha256:7f54b9fb87ca5acbcdd0f286021bedc162e1425fa5555ebf3b3dfc167b955ad9"},
    {file = "matplotlib-3.8.0-pp39-pypy39_pp73-win_amd64.whl", hash = "sha256:60a6e04dfd77c0d3bcfee61c3cd335fff1b917c2f303b32524cd1235e194ef99"},
    {file = "matplotlib-3.8.0.tar.gz", hash = "sha256:df8505e1c19d5c2c26aff3497a7cbd3ccfc2e97043d1e4db3e76afa399164b69"},
]

[[package]]
name = "mypy"
version = "1.6.1"
requires_python = ">=3.8"
summary = "Optional static typing for Python"
dependencies = [
    "mypy-extensions>=1.0.0",
    "typing-extensions>=4.1.0",
]
files = [
    {file = "mypy-1.6.1-cp311-cp311-macosx_10_9_x86_64.whl", hash = "sha256:81af8adaa5e3099469e7623436881eff6b3b06db5ef75e6f5b6d4871263547e5"},
    {file = "mypy-1.6.1-cp311-cp311-macosx_11_0_arm64.whl", hash = "sha256:8c223fa57cb154c7eab5156856c231c3f5eace1e0bed9b32a24696b7ba3c3245"},
    {file = "mypy-1.6.1-cp311-cp311-manylinux_2_17_x86_64.manylinux2014_x86_64.whl", hash = "sha256:a8032e00ce71c3ceb93eeba63963b864bf635a18f6c0c12da6c13c450eedb183"},
    {file = "mypy-1.6.1-cp311-cp311-musllinux_1_1_x86_64.whl", hash = "sha256:4c46b51de523817a0045b150ed11b56f9fff55f12b9edd0f3ed35b15a2809de0"},
    {file = "mypy-1.6.1-cp311-cp311-win_amd64.whl", hash = "sha256:19f905bcfd9e167159b3d63ecd8cb5e696151c3e59a1742e79bc3bcb540c42c7"},
    {file = "mypy-1.6.1-cp312-cp312-macosx_10_9_x86_64.whl", hash = "sha256:82e469518d3e9a321912955cc702d418773a2fd1e91c651280a1bda10622f02f"},
    {file = "mypy-1.6.1-cp312-cp312-macosx_11_0_arm64.whl", hash = "sha256:d4473c22cc296425bbbce7e9429588e76e05bc7342da359d6520b6427bf76660"},
    {file = "mypy-1.6.1-cp312-cp312-manylinux_2_17_x86_64.manylinux2014_x86_64.whl", hash = "sha256:59a0d7d24dfb26729e0a068639a6ce3500e31d6655df8557156c51c1cb874ce7"},
    {file = "mypy-1.6.1-cp312-cp312-musllinux_1_1_x86_64.whl", hash = "sha256:cfd13d47b29ed3bbaafaff7d8b21e90d827631afda134836962011acb5904b71"},
    {file = "mypy-1.6.1-cp312-cp312-win_amd64.whl", hash = "sha256:eb4f18589d196a4cbe5290b435d135dee96567e07c2b2d43b5c4621b6501531a"},
    {file = "mypy-1.6.1-py3-none-any.whl", hash = "sha256:4cbe68ef919c28ea561165206a2dcb68591c50f3bcf777932323bc208d949cf1"},
    {file = "mypy-1.6.1.tar.gz", hash = "sha256:4d01c00d09a0be62a4ca3f933e315455bde83f37f892ba4b08ce92f3cf44bcc1"},
]

[[package]]
name = "mypy-extensions"
version = "1.0.0"
requires_python = ">=3.5"
summary = "Type system extensions for programs checked with the mypy type checker."
files = [
    {file = "mypy_extensions-1.0.0-py3-none-any.whl", hash = "sha256:4392f6c0eb8a5668a69e23d168ffa70f0be9ccfd32b5cc2d26a34ae5b844552d"},
    {file = "mypy_extensions-1.0.0.tar.gz", hash = "sha256:75dbf8955dc00442a438fc4d0666508a9a97b6bd41aa2f0ffe9d2f2725af0782"},
]

[[package]]
name = "numpy"
version = "1.25.2"
requires_python = ">=3.9"
summary = "Fundamental package for array computing in Python"
files = [
    {file = "numpy-1.25.2-cp311-cp311-macosx_10_9_x86_64.whl", hash = "sha256:c5462d19336db4560041517dbb7759c21d181a67cb01b36ca109b2ae37d32418"},
    {file = "numpy-1.25.2-cp311-cp311-macosx_11_0_arm64.whl", hash = "sha256:c5652ea24d33585ea39eb6a6a15dac87a1206a692719ff45d53c5282e66d4a8f"},
    {file = "numpy-1.25.2-cp311-cp311-manylinux_2_17_aarch64.manylinux2014_aarch64.whl", hash = "sha256:0d60fbae8e0019865fc4784745814cff1c421df5afee233db6d88ab4f14655a2"},
    {file = "numpy-1.25.2-cp311-cp311-manylinux_2_17_x86_64.manylinux2014_x86_64.whl", hash = "sha256:60e7f0f7f6d0eee8364b9a6304c2845b9c491ac706048c7e8cf47b83123b8dbf"},
    {file = "numpy-1.25.2-cp311-cp311-musllinux_1_1_x86_64.whl", hash = "sha256:bb33d5a1cf360304754913a350edda36d5b8c5331a8237268c48f91253c3a364"},
    {file = "numpy-1.25.2-cp311-cp311-win32.whl", hash = "sha256:5883c06bb92f2e6c8181df7b39971a5fb436288db58b5a1c3967702d4278691d"},
    {file = "numpy-1.25.2-cp311-cp311-win_amd64.whl", hash = "sha256:5c97325a0ba6f9d041feb9390924614b60b99209a71a69c876f71052521d42a4"},
    {file = "numpy-1.25.2-pp39-pypy39_pp73-macosx_10_9_x86_64.whl", hash = "sha256:1a1329e26f46230bf77b02cc19e900db9b52f398d6722ca853349a782d4cff55"},
    {file = "numpy-1.25.2-pp39-pypy39_pp73-manylinux_2_17_x86_64.manylinux2014_x86_64.whl", hash = "sha256:4c3abc71e8b6edba80a01a52e66d83c5d14433cbcd26a40c329ec7ed09f37901"},
    {file = "numpy-1.25.2-pp39-pypy39_pp73-win_amd64.whl", hash = "sha256:1b9735c27cea5d995496f46a8b1cd7b408b3f34b6d50459d9ac8fe3a20cc17bf"},
    {file = "numpy-1.25.2.tar.gz", hash = "sha256:fd608e19c8d7c55021dffd43bfe5492fab8cc105cc8986f813f8c3c048b38760"},
]

[[package]]
name = "packaging"
version = "23.2"
requires_python = ">=3.7"
summary = "Core utilities for Python packages"
files = [
    {file = "packaging-23.2-py3-none-any.whl", hash = "sha256:8c491190033a9af7e1d931d0b5dacc2ef47509b34dd0de67ed209b5203fc88c7"},
    {file = "packaging-23.2.tar.gz", hash = "sha256:048fb0e9405036518eaaf48a55953c750c11e1a1b68e0dd1a9d62ed0c092cfc5"},
]

[[package]]
name = "pillow"
version = "10.1.0"
requires_python = ">=3.8"
summary = "Python Imaging Library (Fork)"
files = [
    {file = "Pillow-10.1.0-cp311-cp311-macosx_10_10_x86_64.whl", hash = "sha256:1fb29c07478e6c06a46b867e43b0bcdb241b44cc52be9bc25ce5944eed4648e7"},
    {file = "Pillow-10.1.0-cp311-cp311-macosx_11_0_arm64.whl", hash = "sha256:2cdc65a46e74514ce742c2013cd4a2d12e8553e3a2563c64879f7c7e4d28bce7"},
    {file = "Pillow-10.1.0-cp311-cp311-manylinux_2_17_aarch64.manylinux2014_aarch64.whl", hash = "sha256:50d08cd0a2ecd2a8657bd3d82c71efd5a58edb04d9308185d66c3a5a5bed9610"},
    {file = "Pillow-10.1.0-cp311-cp311-manylinux_2_17_x86_64.manylinux2014_x86_64.whl", hash = "sha256:062a1610e3bc258bff2328ec43f34244fcec972ee0717200cb1425214fe5b839"},
    {file = "Pillow-10.1.0-cp311-cp311-manylinux_2_28_aarch64.whl", hash = "sha256:61f1a9d247317fa08a308daaa8ee7b3f760ab1809ca2da14ecc88ae4257d6172"},
    {file = "Pillow-10.1.0-cp311-cp311-manylinux_2_28_x86_64.whl", hash = "sha256:a646e48de237d860c36e0db37ecaecaa3619e6f3e9d5319e527ccbc8151df061"},
    {file = "Pillow-10.1.0-cp311-cp311-musllinux_1_1_aarch64.whl", hash = "sha256:47e5bf85b80abc03be7455c95b6d6e4896a62f6541c1f2ce77a7d2bb832af262"},
    {file = "Pillow-10.1.0-cp311-cp311-musllinux_1_1_x86_64.whl", hash = "sha256:a92386125e9ee90381c3369f57a2a50fa9e6aa8b1cf1d9c4b200d41a7dd8e992"},
    {file = "Pillow-10.1.0-cp311-cp311-win_amd64.whl", hash = "sha256:0f7c276c05a9767e877a0b4c5050c8bee6a6d960d7f0c11ebda6b99746068c2a"},
    {file = "Pillow-10.1.0-cp312-cp312-macosx_10_10_x86_64.whl", hash = "sha256:a89b8312d51715b510a4fe9fc13686283f376cfd5abca8cd1c65e4c76e21081b"},
    {file = "Pillow-10.1.0-cp312-cp312-macosx_11_0_arm64.whl", hash = "sha256:00f438bb841382b15d7deb9a05cc946ee0f2c352653c7aa659e75e592f6fa17d"},
    {file = "Pillow-10.1.0-cp312-cp312-manylinux_2_17_aarch64.manylinux2014_aarch64.whl", hash = "sha256:3d929a19f5469b3f4df33a3df2983db070ebb2088a1e145e18facbc28cae5b27"},
    {file = "Pillow-10.1.0-cp312-cp312-manylinux_2_17_x86_64.manylinux2014_x86_64.whl", hash = "sha256:9a92109192b360634a4489c0c756364c0c3a2992906752165ecb50544c251312"},
    {file = "Pillow-10.1.0-cp312-cp312-manylinux_2_28_aarch64.whl", hash = "sha256:0248f86b3ea061e67817c47ecbe82c23f9dd5d5226200eb9090b3873d3ca32de"},
    {file = "Pillow-10.1.0-cp312-cp312-manylinux_2_28_x86_64.whl", hash = "sha256:9882a7451c680c12f232a422730f986a1fcd808da0fd428f08b671237237d651"},
    {file = "Pillow-10.1.0-cp312-cp312-musllinux_1_1_aarch64.whl", hash = "sha256:1c3ac5423c8c1da5928aa12c6e258921956757d976405e9467c5f39d1d577a4b"},
    {file = "Pillow-10.1.0-cp312-cp312-musllinux_1_1_x86_64.whl", hash = "sha256:806abdd8249ba3953c33742506fe414880bad78ac25cc9a9b1c6ae97bedd573f"},
    {file = "Pillow-10.1.0-cp312-cp312-win_amd64.whl", hash = "sha256:eaed6977fa73408b7b8a24e8b14e59e1668cfc0f4c40193ea7ced8e210adf996"},
    {file = "Pillow-10.1.0-pp310-pypy310_pp73-macosx_10_10_x86_64.whl", hash = "sha256:937bdc5a7f5343d1c97dc98149a0be7eb9704e937fe3dc7140e229ae4fc572a7"},
    {file = "Pillow-10.1.0-pp310-pypy310_pp73-manylinux_2_17_x86_64.manylinux2014_x86_64.whl", hash = "sha256:b1c25762197144e211efb5f4e8ad656f36c8d214d390585d1d21281f46d556ba"},
    {file = "Pillow-10.1.0-pp310-pypy310_pp73-manylinux_2_28_x86_64.whl", hash = "sha256:afc8eef765d948543a4775f00b7b8c079b3321d6b675dde0d02afa2ee23000b4"},
    {file = "Pillow-10.1.0-pp310-pypy310_pp73-win_amd64.whl", hash = "sha256:883f216eac8712b83a63f41b76ddfb7b2afab1b74abbb413c5df6680f071a6b9"},
    {file = "Pillow-10.1.0-pp39-pypy39_pp73-macosx_10_10_x86_64.whl", hash = "sha256:b920e4d028f6442bea9a75b7491c063f0b9a3972520731ed26c83e254302eb1e"},
    {file = "Pillow-10.1.0-pp39-pypy39_pp73-manylinux_2_17_x86_64.manylinux2014_x86_64.whl", hash = "sha256:1c41d960babf951e01a49c9746f92c5a7e0d939d1652d7ba30f6b3090f27e412"},
    {file = "Pillow-10.1.0-pp39-pypy39_pp73-manylinux_2_28_x86_64.whl", hash = "sha256:1fafabe50a6977ac70dfe829b2d5735fd54e190ab55259ec8aea4aaea412fa0b"},
    {file = "Pillow-10.1.0-pp39-pypy39_pp73-win_amd64.whl", hash = "sha256:3b834f4b16173e5b92ab6566f0473bfb09f939ba14b23b8da1f54fa63e4b623f"},
    {file = "Pillow-10.1.0.tar.gz", hash = "sha256:e6bf8de6c36ed96c86ea3b6e1d5273c53f46ef518a062464cd7ef5dd2cf92e38"},
]

[[package]]
name = "pluggy"
version = "1.3.0"
requires_python = ">=3.8"
summary = "plugin and hook calling mechanisms for python"
files = [
    {file = "pluggy-1.3.0-py3-none-any.whl", hash = "sha256:d89c696a773f8bd377d18e5ecda92b7a3793cbe66c87060a6fb58c7b6e1061f7"},
    {file = "pluggy-1.3.0.tar.gz", hash = "sha256:cf61ae8f126ac6f7c451172cf30e3e43d3ca77615509771b3a984a0730651e12"},
]

[[package]]
name = "psycopg"
version = "3.1.12"
requires_python = ">=3.7"
summary = "PostgreSQL database adapter for Python"
dependencies = [
    "typing-extensions>=4.1",
    "tzdata; sys_platform == \"win32\"",
]
files = [
    {file = "psycopg-3.1.12-py3-none-any.whl", hash = "sha256:8ec5230d6a7eb654b4fb3cf2d3eda8871d68f24807b934790504467f1deee9f8"},
    {file = "psycopg-3.1.12.tar.gz", hash = "sha256:cec7ad2bc6a8510e56c45746c631cf9394148bdc8a9a11fd8cf8554ce129ae78"},
]

[[package]]
name = "pyparsing"
version = "3.1.1"
requires_python = ">=3.6.8"
summary = "pyparsing module - Classes and methods to define and execute parsing grammars"
files = [
    {file = "pyparsing-3.1.1-py3-none-any.whl", hash = "sha256:32c7c0b711493c72ff18a981d24f28aaf9c1fb7ed5e9667c9e84e3db623bdbfb"},
    {file = "pyparsing-3.1.1.tar.gz", hash = "sha256:ede28a1a32462f5a9705e07aea48001a08f7cf81a021585011deba701581a0db"},
]

[[package]]
name = "pyproj"
version = "3.6.1"
requires_python = ">=3.9"
summary = "Python interface to PROJ (cartographic projections and coordinate transformations library)"
dependencies = [
    "certifi",
]
files = [
    {file = "pyproj-3.6.1-cp311-cp311-macosx_10_9_x86_64.whl", hash = "sha256:ebfbdbd0936e178091309f6cd4fcb4decd9eab12aa513cdd9add89efa3ec2882"},
    {file = "pyproj-3.6.1-cp311-cp311-macosx_11_0_arm64.whl", hash = "sha256:447db19c7efad70ff161e5e46a54ab9cc2399acebb656b6ccf63e4bc4a04b97a"},
    {file = "pyproj-3.6.1-cp311-cp311-manylinux_2_17_aarch64.manylinux2014_aarch64.whl", hash = "sha256:e7e13c40183884ec7f94eb8e0f622f08f1d5716150b8d7a134de48c6110fee85"},
    {file = "pyproj-3.6.1-cp311-cp311-manylinux_2_17_x86_64.manylinux2014_x86_64.whl", hash = "sha256:65ad699e0c830e2b8565afe42bd58cc972b47d829b2e0e48ad9638386d994915"},
    {file = "pyproj-3.6.1-cp311-cp311-win32.whl", hash = "sha256:8b8acc31fb8702c54625f4d5a2a6543557bec3c28a0ef638778b7ab1d1772132"},
    {file = "pyproj-3.6.1-cp311-cp311-win_amd64.whl", hash = "sha256:38a3361941eb72b82bd9a18f60c78b0df8408416f9340521df442cebfc4306e2"},
    {file = "pyproj-3.6.1-cp312-cp312-macosx_10_9_x86_64.whl", hash = "sha256:1e9fbaf920f0f9b4ee62aab832be3ae3968f33f24e2e3f7fbb8c6728ef1d9746"},
    {file = "pyproj-3.6.1-cp312-cp312-macosx_11_0_arm64.whl", hash = "sha256:6d227a865356f225591b6732430b1d1781e946893789a609bb34f59d09b8b0f8"},
    {file = "pyproj-3.6.1-cp312-cp312-manylinux_2_17_aarch64.manylinux2014_aarch64.whl", hash = "sha256:83039e5ae04e5afc974f7d25ee0870a80a6bd6b7957c3aca5613ccbe0d3e72bf"},
    {file = "pyproj-3.6.1-cp312-cp312-manylinux_2_17_x86_64.manylinux2014_x86_64.whl", hash = "sha256:fffb059ba3bced6f6725961ba758649261d85ed6ce670d3e3b0a26e81cf1aa8d"},
    {file = "pyproj-3.6.1-cp312-cp312-win32.whl", hash = "sha256:2d6ff73cc6dbbce3766b6c0bce70ce070193105d8de17aa2470009463682a8eb"},
    {file = "pyproj-3.6.1-cp312-cp312-win_amd64.whl", hash = "sha256:7a27151ddad8e1439ba70c9b4b2b617b290c39395fa9ddb7411ebb0eb86d6fb0"},
    {file = "pyproj-3.6.1-pp39-pypy39_pp73-macosx_10_9_x86_64.whl", hash = "sha256:fd93c1a0c6c4aedc77c0fe275a9f2aba4d59b8acf88cebfc19fe3c430cfabf4f"},
    {file = "pyproj-3.6.1-pp39-pypy39_pp73-manylinux_2_17_x86_64.manylinux2014_x86_64.whl", hash = "sha256:6420ea8e7d2a88cb148b124429fba8cd2e0fae700a2d96eab7083c0928a85110"},
    {file = "pyproj-3.6.1.tar.gz", hash = "sha256:44aa7c704c2b7d8fb3d483bbf75af6cb2350d30a63b144279a09b75fead501bf"},
]

[[package]]
name = "pytest"
version = "7.4.3"
requires_python = ">=3.7"
summary = "pytest: simple powerful testing with Python"
dependencies = [
    "colorama; sys_platform == \"win32\"",
    "iniconfig",
    "packaging",
    "pluggy<2.0,>=0.12",
]
files = [
    {file = "pytest-7.4.3-py3-none-any.whl", hash = "sha256:0d009c083ea859a71b76adf7c1d502e4bc170b80a8ef002da5806527b9591fac"},
    {file = "pytest-7.4.3.tar.gz", hash = "sha256:d989d136982de4e3b29dabcc838ad581c64e8ed52c11fbe86ddebd9da0818cd5"},
]

[[package]]
name = "python-dateutil"
version = "2.8.2"
requires_python = "!=3.0.*,!=3.1.*,!=3.2.*,>=2.7"
summary = "Extensions to the standard Python datetime module"
dependencies = [
    "six>=1.5",
]
files = [
    {file = "python-dateutil-2.8.2.tar.gz", hash = "sha256:0123cacc1627ae19ddf3c27a5de5bd67ee4586fbdd6440d9748f8abb483d3e86"},
    {file = "python_dateutil-2.8.2-py2.py3-none-any.whl", hash = "sha256:961d03dc3453ebbc59dbdea9e4e11c5651520a876d0f4db161e8674aae935da9"},
]

[[package]]
name = "ruff"
version = "0.1.3"
requires_python = ">=3.7"
summary = "An extremely fast Python linter, written in Rust."
files = [
    {file = "ruff-0.1.3-py3-none-macosx_10_7_x86_64.whl", hash = "sha256:b46d43d51f7061652eeadb426a9e3caa1e0002470229ab2fc19de8a7b0766901"},
    {file = "ruff-0.1.3-py3-none-macosx_10_9_x86_64.macosx_11_0_arm64.macosx_10_9_universal2.whl", hash = "sha256:b8afeb9abd26b4029c72adc9921b8363374f4e7edb78385ffaa80278313a15f9"},
    {file = "ruff-0.1.3-py3-none-manylinux_2_17_aarch64.manylinux2014_aarch64.whl", hash = "sha256:ca3cf365bf32e9ba7e6db3f48a4d3e2c446cd19ebee04f05338bc3910114528b"},
    {file = "ruff-0.1.3-py3-none-manylinux_2_17_armv7l.manylinux2014_armv7l.whl", hash = "sha256:4874c165f96c14a00590dcc727a04dca0cfd110334c24b039458c06cf78a672e"},
    {file = "ruff-0.1.3-py3-none-manylinux_2_17_i686.manylinux2014_i686.whl", hash = "sha256:eec2dd31eed114e48ea42dbffc443e9b7221976554a504767ceaee3dd38edeb8"},
    {file = "ruff-0.1.3-py3-none-manylinux_2_17_ppc64.manylinux2014_ppc64.whl", hash = "sha256:dc3ec4edb3b73f21b4aa51337e16674c752f1d76a4a543af56d7d04e97769613"},
    {file = "ruff-0.1.3-py3-none-manylinux_2_17_ppc64le.manylinux2014_ppc64le.whl", hash = "sha256:2e3de9ed2e39160800281848ff4670e1698037ca039bda7b9274f849258d26ce"},
    {file = "ruff-0.1.3-py3-none-manylinux_2_17_s390x.manylinux2014_s390x.whl", hash = "sha256:1c595193881922cc0556a90f3af99b1c5681f0c552e7a2a189956141d8666fe8"},
    {file = "ruff-0.1.3-py3-none-manylinux_2_17_x86_64.manylinux2014_x86_64.whl", hash = "sha256:0f75e670d529aa2288cd00fc0e9b9287603d95e1536d7a7e0cafe00f75e0dd9d"},
    {file = "ruff-0.1.3-py3-none-musllinux_1_2_aarch64.whl", hash = "sha256:76dd49f6cd945d82d9d4a9a6622c54a994689d8d7b22fa1322983389b4892e20"},
    {file = "ruff-0.1.3-py3-none-musllinux_1_2_armv7l.whl", hash = "sha256:918b454bc4f8874a616f0d725590277c42949431ceb303950e87fef7a7d94cb3"},
    {file = "ruff-0.1.3-py3-none-musllinux_1_2_i686.whl", hash = "sha256:d8859605e729cd5e53aa38275568dbbdb4fe882d2ea2714c5453b678dca83784"},
    {file = "ruff-0.1.3-py3-none-musllinux_1_2_x86_64.whl", hash = "sha256:0b6c55f5ef8d9dd05b230bb6ab80bc4381ecb60ae56db0330f660ea240cb0d4a"},
    {file = "ruff-0.1.3-py3-none-win32.whl", hash = "sha256:3e7afcbdcfbe3399c34e0f6370c30f6e529193c731b885316c5a09c9e4317eef"},
    {file = "ruff-0.1.3-py3-none-win_amd64.whl", hash = "sha256:7a18df6638cec4a5bd75350639b2bb2a2366e01222825562c7346674bdceb7ea"},
    {file = "ruff-0.1.3-py3-none-win_arm64.whl", hash = "sha256:12fd53696c83a194a2db7f9a46337ce06445fb9aa7d25ea6f293cf75b21aca9f"},
    {file = "ruff-0.1.3.tar.gz", hash = "sha256:3ba6145369a151401d5db79f0a47d50e470384d0d89d0d6f7fab0b589ad07c34"},
]

[[package]]
name = "shapely"
version = "2.0.2"
requires_python = ">=3.7"
summary = "Manipulation and analysis of geometric objects"
dependencies = [
    "numpy>=1.14",
]
files = [
    {file = "shapely-2.0.2-cp311-cp311-macosx_10_9_universal2.whl", hash = "sha256:5b0c052709c8a257c93b0d4943b0b7a3035f87e2d6a8ac9407b6a992d206422f"},
    {file = "shapely-2.0.2-cp311-cp311-macosx_10_9_x86_64.whl", hash = "sha256:2d217e56ae067e87b4e1731d0dc62eebe887ced729ba5c2d4590e9e3e9fdbd88"},
    {file = "shapely-2.0.2-cp311-cp311-macosx_11_0_arm64.whl", hash = "sha256:94ac128ae2ab4edd0bffcd4e566411ea7bdc738aeaf92c32a8a836abad725f9f"},
    {file = "shapely-2.0.2-cp311-cp311-manylinux_2_17_aarch64.manylinux2014_aarch64.whl", hash = "sha256:fa3ee28f5e63a130ec5af4dc3c4cb9c21c5788bb13c15e89190d163b14f9fb89"},
    {file = "shapely-2.0.2-cp311-cp311-manylinux_2_17_x86_64.manylinux2014_x86_64.whl", hash = "sha256:737dba15011e5a9b54a8302f1748b62daa207c9bc06f820cd0ad32a041f1c6f2"},
    {file = "shapely-2.0.2-cp311-cp311-win32.whl", hash = "sha256:45ac6906cff0765455a7b49c1670af6e230c419507c13e2f75db638c8fc6f3bd"},
    {file = "shapely-2.0.2-cp311-cp311-win_amd64.whl", hash = "sha256:dc9342fc82e374130db86a955c3c4525bfbf315a248af8277a913f30911bed9e"},
    {file = "shapely-2.0.2-cp312-cp312-macosx_10_9_universal2.whl", hash = "sha256:06f193091a7c6112fc08dfd195a1e3846a64306f890b151fa8c63b3e3624202c"},
    {file = "shapely-2.0.2-cp312-cp312-macosx_10_9_x86_64.whl", hash = "sha256:eebe544df5c018134f3c23b6515877f7e4cd72851f88a8d0c18464f414d141a2"},
    {file = "shapely-2.0.2-cp312-cp312-macosx_11_0_arm64.whl", hash = "sha256:7e92e7c255f89f5cdf777690313311f422aa8ada9a3205b187113274e0135cd8"},
    {file = "shapely-2.0.2-cp312-cp312-manylinux_2_17_aarch64.manylinux2014_aarch64.whl", hash = "sha256:be46d5509b9251dd9087768eaf35a71360de6afac82ce87c636990a0871aa18b"},
    {file = "shapely-2.0.2-cp312-cp312-manylinux_2_17_x86_64.manylinux2014_x86_64.whl", hash = "sha256:a5533a925d8e211d07636ffc2fdd9a7f9f13d54686d00577eeb11d16f00be9c4"},
    {file = "shapely-2.0.2-cp312-cp312-win32.whl", hash = "sha256:084b023dae8ad3d5b98acee9d3bf098fdf688eb0bb9b1401e8b075f6a627b611"},
    {file = "shapely-2.0.2-cp312-cp312-win_amd64.whl", hash = "sha256:ea84d1cdbcf31e619d672b53c4532f06253894185ee7acb8ceb78f5f33cbe033"},
    {file = "shapely-2.0.2.tar.gz", hash = "sha256:1713cc04c171baffc5b259ba8531c58acc2a301707b7f021d88a15ed090649e7"},
]

[[package]]
name = "six"
version = "1.16.0"
requires_python = ">=2.7, !=3.0.*, !=3.1.*, !=3.2.*"
summary = "Python 2 and 3 compatibility utilities"
files = [
    {file = "six-1.16.0-py2.py3-none-any.whl", hash = "sha256:8abb2f1d86890a2dfb989f9a77cfcfd3e47c2a354b01111771326f8aa26e0254"},
    {file = "six-1.16.0.tar.gz", hash = "sha256:1e61c37477a1626458e36f7b1d82aa5c9b094fa4802892072e49de9c60c4c926"},
]

[[package]]
name = "tqdm"
version = "4.66.1"
requires_python = ">=3.7"
summary = "Fast, Extensible Progress Meter"
dependencies = [
    "colorama; platform_system == \"Windows\"",
]
files = [
    {file = "tqdm-4.66.1-py3-none-any.whl", hash = "sha256:d302b3c5b53d47bce91fea46679d9c3c6508cf6332229aa1e7d8653723793386"},
    {file = "tqdm-4.66.1.tar.gz", hash = "sha256:d88e651f9db8d8551a62556d3cff9e3034274ca5d66e93197cf2490e2dcb69c7"},
]

[[package]]
name = "types-pillow"
version = "10.1.0.0"
requires_python = ">=3.7"
summary = "Typing stubs for Pillow"
files = [
    {file = "types-Pillow-10.1.0.0.tar.gz", hash = "sha256:0f5e7cf010ed226800cb5821e87781e5d0e81257d948a9459baa74a8c8b7d822"},
    {file = "types_Pillow-10.1.0.0-py3-none-any.whl", hash = "sha256:f97f596b6a39ddfd26da3eb67421062193e10732d2310f33898d36f9694331b5"},
]

[[package]]
name = "types-tqdm"
version = "4.66.0.3"
requires_python = ">=3.7"
summary = "Typing stubs for tqdm"
files = [
    {file = "types-tqdm-4.66.0.3.tar.gz", hash = "sha256:596a3396e7c15d3597c8af68bb3cf3ca0853dad68cea22e21b98dd8203741aff"},
    {file = "types_tqdm-4.66.0.3-py3-none-any.whl", hash = "sha256:e47cff2e49411e9f8b7190576253de952bfe59c92261f78e8525f3199c8a01e0"},
]

[[package]]
name = "typing-extensions"
version = "4.8.0"
requires_python = ">=3.8"
summary = "Backported and Experimental Type Hints for Python 3.8+"
files = [
    {file = "typing_extensions-4.8.0-py3-none-any.whl", hash = "sha256:8f92fc8806f9a6b641eaa5318da32b44d401efaac0f6678c9bc448ba3605faa0"},
    {file = "typing_extensions-4.8.0.tar.gz", hash = "sha256:df8e4339e9cb77357558cbdbceca33c303714cf861d1eef15e1070055ae8b7ef"},
]

[[package]]
name = "tzdata"
version = "2023.3"
requires_python = ">=2"
summary = "Provider of IANA time zone data"
files = [
    {file = "tzdata-2023.3-py2.py3-none-any.whl", hash = "sha256:7e65763eef3120314099b6939b5546db7adce1e7d6f2e179e3df563c70511eda"},
    {file = "tzdata-2023.3.tar.gz", hash = "sha256:11ef1e08e54acb0d4f95bdb1be05da659673de4acbd21bf9c69e94cc5e907a3a"},
]
